{
  "version": 4,
  "terraform_version": "1.7.3",
  "serial": 199,
  "lineage": "1cbcd949-7863-0a50-5592-994b5717698d",
  "outputs": {
    "Windows_private_ip_address": {
      "value": [
        "10.0.1.4",
        "10.0.1.5"
      ],
      "type": [
        "tuple",
        [
          "string",
          "string"
        ]
      ]
    },
    "Windows_public_ip_address": {
      "value": [
        "20.104.136.133",
        "20.104.136.172"
      ],
      "type": [
        "tuple",
        [
          "string",
          "string"
        ]
      ]
    },
    "linux_availability_set": {
      "value": "linux_avs",
      "type": "string"
    },
    "linux_private_ip_address": {
      "value": [
        "10.0.0.4",
        "10.0.0.5"
      ],
      "type": [
        "tuple",
        [
          "string",
          "string"
        ]
      ]
    },
    "linux_public_ip_address": {
      "value": [
        "20.104.136.78",
        "20.104.136.76"
      ],
      "type": [
        "tuple",
        [
          "string",
          "string"
        ]
      ]
    },
    "linux_rg_location": {
      "value": "canadaeast",
      "type": "string"
    },
    "linux_rg_name": {
      "value": "linux-rg",
      "type": "string"
    },
    "linux_vm_fqdn": {
      "value": [
        {
          "computer_name": "n01607054-u-vm11",
          "ip_address": "20.104.136.78"
        },
        {
          "computer_name": "n01607054-u-vm12",
          "ip_address": "20.104.136.76"
        }
      ],
      "type": [
        "tuple",
        [
          [
            "object",
            {
              "computer_name": "string",
              "ip_address": "string"
            }
          ],
          [
            "object",
            {
              "computer_name": "string",
              "ip_address": "string"
            }
          ]
        ]
      ]
    },
    "linux_vm_hostname": {
      "value": [
        "n01607054-u-vm11",
        "n01607054-u-vm12"
      ],
      "type": [
        "tuple",
        [
          "string",
          "string"
        ]
      ]
    },
    "network_rg_location": {
      "value": "canadaeast",
      "type": "string"
    },
    "network_rg_name": {
      "value": "network-rg",
      "type": "string"
    },
    "network_security_group_name": {
      "value": [
        "network-nsg1",
        "network-nsg2"
      ],
      "type": [
        "tuple",
        [
          "string",
          "string"
        ]
      ]
    },
    "subnet1_info": {
      "value": [
        "network-subnet1",
        [
          "10.0.0.0/24"
        ]
      ],
      "type": [
        "tuple",
        [
          "string",
          [
            "list",
            "string"
          ]
        ]
      ]
    },
    "subnet2_info": {
      "value": [
        "network-subnet2",
        [
          "10.0.1.0/24"
        ]
      ],
      "type": [
        "tuple",
        [
          "string",
          [
            "list",
            "string"
          ]
        ]
      ]
    },
    "virtual_network_info": {
      "value": [
        "10.0.0.0/16"
      ],
      "type": [
        "list",
        "string"
      ]
    },
    "virtual_network_name": {
      "value": "network-vnet",
      "type": "string"
    },
    "windows_avs_name": {
      "value": "windows_avs",
      "type": "string"
    },
    "windows_rg_location": {
      "value": "canadaeast",
      "type": "string"
    },
    "windows_rg_name": {
      "value": "windows-rg",
      "type": "string"
    },
    "windows_vm_fqdn": {
      "value": [
        "n01607054-w-vm1.canadaeast.cloudapp.azure.com",
        "n01607054-w-vm2.canadaeast.cloudapp.azure.com"
      ],
      "type": [
        "tuple",
        [
          "string",
          "string"
        ]
      ]
    },
    "windows_vm_hostname": {
      "value": [
        "n01607054-w-vm1",
        "n01607054-w-vm2"
      ],
      "type": [
        "tuple",
        [
          "string",
          "string"
        ]
      ]
    }
  },
  "resources": [
    {
      "module": "module.linux",
      "mode": "managed",
      "type": "azurerm_availability_set",
      "name": "linux_avs",
      "provider": "provider[\"registry.terraform.io/hashicorp/azurerm\"]",
      "instances": [
        {
          "schema_version": 0,
          "attributes": {
            "id": "/subscriptions/49e01ede-4bd5-4cb2-b1ae-56323f9463de/resourceGroups/linux-rg/providers/Microsoft.Compute/availabilitySets/linux_avs",
            "location": "canadaeast",
            "managed": true,
            "name": "linux_avs",
            "platform_fault_domain_count": 2,
            "platform_update_domain_count": 5,
            "proximity_placement_group_id": null,
            "resource_group_name": "linux-rg",
            "tags": null,
            "timeouts": null
          },
          "sensitive_attributes": [],
          "private": "eyJlMmJmYjczMC1lY2FhLTExZTYtOGY4OC0zNDM2M2JjN2M0YzAiOnsiY3JlYXRlIjoxODAwMDAwMDAwMDAwLCJkZWxldGUiOjE4MDAwMDAwMDAwMDAsInJlYWQiOjMwMDAwMDAwMDAwMCwidXBkYXRlIjoxODAwMDAwMDAwMDAwfX0=",
          "dependencies": [
            "module.resource_group.azurerm_resource_group.linux-rg"
          ]
        }
      ]
    },
    {
      "module": "module.linux",
      "mode": "managed",
      "type": "azurerm_linux_virtual_machine",
      "name": "linux-VM",
      "provider": "provider[\"registry.terraform.io/hashicorp/azurerm\"]",
      "instances": [
        {
          "index_key": 0,
          "schema_version": 0,
          "attributes": {
            "additional_capabilities": [],
            "admin_password": null,
            "admin_ssh_key": [
              {
                "public_key": "ssh-rsa AAAAB3NzaC1yc2EAAAADAQABAAABgQC4+pAqczm2ZtcXRGsRoqQC6prNOUpxoiqoSPqQUf/FHC3VltNSQu8ktAMvqfESCo3gVf30C2/b3IkOAX4c9dBHnQ3PlXY+a2wdr+WKoxonQg+g8SeMaDwgTv+3WkQyVwSQMccVGVvlUNafA4jueJRMnnI7IzaDd5O5TVGbz9JgmatNBsSFbRC9ULaMKDalA/mYjgQbZqrg48iZ7HFPAyvsptAZ1BKfspXUadiZnckoCBcfHYgz9z0jlZFVN1PPku9hod9kINSLRiCM8cPCoSegw4T2x7ydLLshh+J3TkXeAAUy3YAdZdhQfmMGUprQB4URamm4Mz84fwr9/e+6OIiNrMI/+xNatiOvFU+2kFDx2aZj/U/LAJKlf4q2jtpLKwvksgSdY8H1MmlMpDv9Ay0QhbJ4xVmJ9b09kKgAj1wjEGvzgg9KqV9jUi6jwwwtLsI9g+FtoEAwtychQFQenwseBL4owN2w06DbajuGgdcwIIpd//z1o8nyFVkc0FKgZKM= abha28@ABHA\n",
                "username": "abha28"
              }
            ],
            "admin_username": "abha28",
            "allow_extension_operations": true,
            "availability_set_id": "",
            "boot_diagnostics": [],
            "bypass_platform_safety_checks_on_user_schedule_enabled": false,
            "capacity_reservation_group_id": "",
            "computer_name": "n01607054-u-vm11",
            "custom_data": null,
            "dedicated_host_group_id": "",
            "dedicated_host_id": "",
            "disable_password_authentication": true,
            "edge_zone": "",
            "encryption_at_host_enabled": false,
            "eviction_policy": "",
            "extensions_time_budget": "PT1H30M",
            "gallery_application": [],
            "id": "/subscriptions/49e01ede-4bd5-4cb2-b1ae-56323f9463de/resourceGroups/linux-rg/providers/Microsoft.Compute/virtualMachines/n01607054-u-vm11",
            "identity": [],
            "license_type": "",
            "location": "canadaeast",
            "max_bid_price": -1,
            "name": "n01607054-u-vm11",
            "network_interface_ids": [
              "/subscriptions/49e01ede-4bd5-4cb2-b1ae-56323f9463de/resourceGroups/linux-rg/providers/Microsoft.Network/networkInterfaces/n01607054-u-vm1-nic-2"
            ],
            "os_disk": [
              {
                "caching": "ReadWrite",
                "diff_disk_settings": [],
                "disk_encryption_set_id": "",
                "disk_size_gb": 32,
                "name": "n01607054-u-vm11",
                "secure_vm_disk_encryption_set_id": "",
                "security_encryption_type": "",
                "storage_account_type": "Premium_LRS",
                "write_accelerator_enabled": false
              }
            ],
            "patch_assessment_mode": "ImageDefault",
            "patch_mode": "ImageDefault",
            "plan": [],
            "platform_fault_domain": -1,
            "priority": "Regular",
            "private_ip_address": "10.0.0.5",
            "private_ip_addresses": [
              "10.0.0.5"
            ],
            "provision_vm_agent": true,
            "proximity_placement_group_id": "",
            "public_ip_address": "20.104.136.78",
            "public_ip_addresses": [
              "20.104.136.78"
            ],
            "reboot_setting": "",
            "resource_group_name": "linux-rg",
            "secret": [],
            "secure_boot_enabled": false,
            "size": "Standard_B1s",
            "source_image_id": "",
            "source_image_reference": [
              {
                "offer": "UbuntuServer",
                "publisher": "Canonical",
                "sku": "19.04",
                "version": "latest"
              }
            ],
            "tags": {
              "ContantEmail": "abha.kamble@humber.ca",
              "Environment": "LAB",
              "Name": "Terraform-Class",
              "Project": "Learning"
            },
            "termination_notification": null,
            "timeouts": null,
            "user_data": "",
            "virtual_machine_id": "878c3189-b799-4f12-9822-e184b34683d4",
            "virtual_machine_scale_set_id": "",
            "vtpm_enabled": false,
            "zone": ""
          },
          "sensitive_attributes": [],
          "private": "eyJlMmJmYjczMC1lY2FhLTExZTYtOGY4OC0zNDM2M2JjN2M0YzAiOnsiY3JlYXRlIjoyNzAwMDAwMDAwMDAwLCJkZWxldGUiOjI3MDAwMDAwMDAwMDAsInJlYWQiOjMwMDAwMDAwMDAwMCwidXBkYXRlIjoyNzAwMDAwMDAwMDAwfX0=",
          "dependencies": [
            "module.linux.azurerm_network_interface.linux-nic",
            "module.linux.azurerm_public_ip.linux-pip",
            "module.network.azurerm_subnet.subnet1",
            "module.network.azurerm_virtual_network.vnet",
            "module.resource_group.azurerm_resource_group.linux-rg",
            "module.resource_group.azurerm_resource_group.network-rg"
          ]
        },
        {
          "index_key": 1,
          "schema_version": 0,
          "attributes": {
            "additional_capabilities": [],
            "admin_password": null,
            "admin_ssh_key": [
              {
                "public_key": "ssh-rsa AAAAB3NzaC1yc2EAAAADAQABAAABgQC4+pAqczm2ZtcXRGsRoqQC6prNOUpxoiqoSPqQUf/FHC3VltNSQu8ktAMvqfESCo3gVf30C2/b3IkOAX4c9dBHnQ3PlXY+a2wdr+WKoxonQg+g8SeMaDwgTv+3WkQyVwSQMccVGVvlUNafA4jueJRMnnI7IzaDd5O5TVGbz9JgmatNBsSFbRC9ULaMKDalA/mYjgQbZqrg48iZ7HFPAyvsptAZ1BKfspXUadiZnckoCBcfHYgz9z0jlZFVN1PPku9hod9kINSLRiCM8cPCoSegw4T2x7ydLLshh+J3TkXeAAUy3YAdZdhQfmMGUprQB4URamm4Mz84fwr9/e+6OIiNrMI/+xNatiOvFU+2kFDx2aZj/U/LAJKlf4q2jtpLKwvksgSdY8H1MmlMpDv9Ay0QhbJ4xVmJ9b09kKgAj1wjEGvzgg9KqV9jUi6jwwwtLsI9g+FtoEAwtychQFQenwseBL4owN2w06DbajuGgdcwIIpd//z1o8nyFVkc0FKgZKM= abha28@ABHA\n",
                "username": "abha28"
              }
            ],
            "admin_username": "abha28",
            "allow_extension_operations": true,
            "availability_set_id": "",
            "boot_diagnostics": [],
            "bypass_platform_safety_checks_on_user_schedule_enabled": false,
            "capacity_reservation_group_id": "",
            "computer_name": "n01607054-u-vm12",
            "custom_data": null,
            "dedicated_host_group_id": "",
            "dedicated_host_id": "",
            "disable_password_authentication": true,
            "edge_zone": "",
            "encryption_at_host_enabled": false,
            "eviction_policy": "",
            "extensions_time_budget": "PT1H30M",
            "gallery_application": [],
            "id": "/subscriptions/49e01ede-4bd5-4cb2-b1ae-56323f9463de/resourceGroups/linux-rg/providers/Microsoft.Compute/virtualMachines/n01607054-u-vm12",
            "identity": [],
            "license_type": "",
            "location": "canadaeast",
            "max_bid_price": -1,
            "name": "n01607054-u-vm12",
            "network_interface_ids": [
              "/subscriptions/49e01ede-4bd5-4cb2-b1ae-56323f9463de/resourceGroups/linux-rg/providers/Microsoft.Network/networkInterfaces/n01607054-u-vm1-nic-1"
            ],
            "os_disk": [
              {
                "caching": "ReadWrite",
                "diff_disk_settings": [],
                "disk_encryption_set_id": "",
                "disk_size_gb": 32,
                "name": "n01607054-u-vm12",
                "secure_vm_disk_encryption_set_id": "",
                "security_encryption_type": "",
                "storage_account_type": "Premium_LRS",
                "write_accelerator_enabled": false
              }
            ],
            "patch_assessment_mode": "ImageDefault",
            "patch_mode": "ImageDefault",
            "plan": [],
            "platform_fault_domain": -1,
            "priority": "Regular",
            "private_ip_address": "10.0.0.4",
            "private_ip_addresses": [
              "10.0.0.4"
            ],
            "provision_vm_agent": true,
            "proximity_placement_group_id": "",
            "public_ip_address": "20.104.136.76",
            "public_ip_addresses": [
              "20.104.136.76"
            ],
            "reboot_setting": "",
            "resource_group_name": "linux-rg",
            "secret": [],
            "secure_boot_enabled": false,
            "size": "Standard_B1s",
            "source_image_id": "",
            "source_image_reference": [
              {
                "offer": "UbuntuServer",
                "publisher": "Canonical",
                "sku": "19.04",
                "version": "latest"
              }
            ],
            "tags": {
              "ContantEmail": "abha.kamble@humber.ca",
              "Environment": "LAB",
              "Name": "Terraform-Class",
              "Project": "Learning"
            },
            "termination_notification": null,
            "timeouts": null,
            "user_data": "",
            "virtual_machine_id": "497b817b-844f-4f24-afbb-908c0ace3bc0",
            "virtual_machine_scale_set_id": "",
            "vtpm_enabled": false,
            "zone": ""
          },
          "sensitive_attributes": [],
          "private": "eyJlMmJmYjczMC1lY2FhLTExZTYtOGY4OC0zNDM2M2JjN2M0YzAiOnsiY3JlYXRlIjoyNzAwMDAwMDAwMDAwLCJkZWxldGUiOjI3MDAwMDAwMDAwMDAsInJlYWQiOjMwMDAwMDAwMDAwMCwidXBkYXRlIjoyNzAwMDAwMDAwMDAwfX0=",
          "dependencies": [
            "module.linux.azurerm_network_interface.linux-nic",
            "module.linux.azurerm_public_ip.linux-pip",
            "module.network.azurerm_subnet.subnet1",
            "module.network.azurerm_virtual_network.vnet",
            "module.resource_group.azurerm_resource_group.linux-rg",
            "module.resource_group.azurerm_resource_group.network-rg"
          ]
        }
      ]
    },
    {
      "module": "module.linux",
      "mode": "managed",
      "type": "azurerm_network_interface",
      "name": "linux-nic",
      "provider": "provider[\"registry.terraform.io/hashicorp/azurerm\"]",
      "instances": [
        {
          "index_key": 0,
          "schema_version": 0,
          "attributes": {
            "applied_dns_servers": [],
            "auxiliary_mode": "",
            "auxiliary_sku": "",
            "dns_servers": [],
            "edge_zone": "",
            "enable_accelerated_networking": false,
            "enable_ip_forwarding": false,
            "id": "/subscriptions/49e01ede-4bd5-4cb2-b1ae-56323f9463de/resourceGroups/linux-rg/providers/Microsoft.Network/networkInterfaces/n01607054-u-vm1-nic-1",
            "internal_dns_name_label": "",
            "internal_domain_name_suffix": "suf3m1lf0mwehmvegebjpsd1yf.vx.internal.cloudapp.net",
            "ip_configuration": [
              {
                "gateway_load_balancer_frontend_ip_configuration_id": "",
                "name": "n01607054-u-vm1-ipconfig-1",
                "primary": true,
                "private_ip_address": "10.0.0.4",
                "private_ip_address_allocation": "Dynamic",
                "private_ip_address_version": "IPv4",
                "public_ip_address_id": "/subscriptions/49e01ede-4bd5-4cb2-b1ae-56323f9463de/resourceGroups/linux-rg/providers/Microsoft.Network/publicIPAddresses/n01607054-u-vm1-pip-2",
                "subnet_id": "/subscriptions/49e01ede-4bd5-4cb2-b1ae-56323f9463de/resourceGroups/network-rg/providers/Microsoft.Network/virtualNetworks/network-vnet/subnets/network-subnet1"
              }
            ],
            "location": "canadaeast",
            "mac_address": "",
            "name": "n01607054-u-vm1-nic-1",
            "private_ip_address": "10.0.0.4",
            "private_ip_addresses": [
              "10.0.0.4"
            ],
            "resource_group_name": "linux-rg",
            "tags": {
              "ContantEmail": "abha.kamble@humber.ca",
              "Environment": "LAB",
              "Name": "Terraform-Class",
              "Project": "Learning"
            },
            "timeouts": null,
            "virtual_machine_id": ""
          },
          "sensitive_attributes": [],
          "private": "eyJlMmJmYjczMC1lY2FhLTExZTYtOGY4OC0zNDM2M2JjN2M0YzAiOnsiY3JlYXRlIjoxODAwMDAwMDAwMDAwLCJkZWxldGUiOjE4MDAwMDAwMDAwMDAsInJlYWQiOjMwMDAwMDAwMDAwMCwidXBkYXRlIjoxODAwMDAwMDAwMDAwfX0=",
          "dependencies": [
            "module.linux.azurerm_public_ip.linux-pip",
            "module.network.azurerm_subnet.subnet1",
            "module.network.azurerm_virtual_network.vnet",
            "module.resource_group.azurerm_resource_group.linux-rg",
            "module.resource_group.azurerm_resource_group.network-rg"
          ]
        },
        {
          "index_key": 1,
          "schema_version": 0,
          "attributes": {
            "applied_dns_servers": [],
            "auxiliary_mode": "",
            "auxiliary_sku": "",
            "dns_servers": [],
            "edge_zone": "",
            "enable_accelerated_networking": false,
            "enable_ip_forwarding": false,
            "id": "/subscriptions/49e01ede-4bd5-4cb2-b1ae-56323f9463de/resourceGroups/linux-rg/providers/Microsoft.Network/networkInterfaces/n01607054-u-vm1-nic-2",
            "internal_dns_name_label": "",
            "internal_domain_name_suffix": "suf3m1lf0mwehmvegebjpsd1yf.vx.internal.cloudapp.net",
            "ip_configuration": [
              {
                "gateway_load_balancer_frontend_ip_configuration_id": "",
                "name": "n01607054-u-vm1-ipconfig-2",
                "primary": true,
                "private_ip_address": "10.0.0.5",
                "private_ip_address_allocation": "Dynamic",
                "private_ip_address_version": "IPv4",
                "public_ip_address_id": "/subscriptions/49e01ede-4bd5-4cb2-b1ae-56323f9463de/resourceGroups/linux-rg/providers/Microsoft.Network/publicIPAddresses/n01607054-u-vm1-pip-1",
                "subnet_id": "/subscriptions/49e01ede-4bd5-4cb2-b1ae-56323f9463de/resourceGroups/network-rg/providers/Microsoft.Network/virtualNetworks/network-vnet/subnets/network-subnet1"
              }
            ],
            "location": "canadaeast",
            "mac_address": "",
            "name": "n01607054-u-vm1-nic-2",
            "private_ip_address": "10.0.0.5",
            "private_ip_addresses": [
              "10.0.0.5"
            ],
            "resource_group_name": "linux-rg",
            "tags": {
              "ContantEmail": "abha.kamble@humber.ca",
              "Environment": "LAB",
              "Name": "Terraform-Class",
              "Project": "Learning"
            },
            "timeouts": null,
            "virtual_machine_id": ""
          },
          "sensitive_attributes": [],
          "private": "eyJlMmJmYjczMC1lY2FhLTExZTYtOGY4OC0zNDM2M2JjN2M0YzAiOnsiY3JlYXRlIjoxODAwMDAwMDAwMDAwLCJkZWxldGUiOjE4MDAwMDAwMDAwMDAsInJlYWQiOjMwMDAwMDAwMDAwMCwidXBkYXRlIjoxODAwMDAwMDAwMDAwfX0=",
          "dependencies": [
            "module.linux.azurerm_public_ip.linux-pip",
            "module.network.azurerm_subnet.subnet1",
            "module.network.azurerm_virtual_network.vnet",
            "module.resource_group.azurerm_resource_group.linux-rg",
            "module.resource_group.azurerm_resource_group.network-rg"
          ]
        }
      ]
    },
    {
      "module": "module.linux",
      "mode": "managed",
      "type": "azurerm_public_ip",
      "name": "linux-pip",
      "provider": "provider[\"registry.terraform.io/hashicorp/azurerm\"]",
      "instances": [
        {
          "index_key": 0,
          "schema_version": 0,
          "attributes": {
            "allocation_method": "Static",
            "ddos_protection_mode": "VirtualNetworkInherited",
            "ddos_protection_plan_id": null,
            "domain_name_label": "n01607054-u-vm11",
            "edge_zone": "",
            "fqdn": "n01607054-u-vm11.canadaeast.cloudapp.azure.com",
            "id": "/subscriptions/49e01ede-4bd5-4cb2-b1ae-56323f9463de/resourceGroups/linux-rg/providers/Microsoft.Network/publicIPAddresses/n01607054-u-vm1-pip-1",
            "idle_timeout_in_minutes": 4,
            "ip_address": "20.104.136.78",
            "ip_tags": null,
            "ip_version": "IPv4",
            "location": "canadaeast",
            "name": "n01607054-u-vm1-pip-1",
            "public_ip_prefix_id": null,
            "resource_group_name": "linux-rg",
            "reverse_fqdn": "",
            "sku": "Basic",
            "sku_tier": "Regional",
            "tags": {
              "ContantEmail": "abha.kamble@humber.ca",
              "Environment": "LAB",
              "Name": "Terraform-Class",
              "Project": "Learning"
            },
            "timeouts": null,
            "zones": null
          },
          "sensitive_attributes": [],
          "private": "eyJlMmJmYjczMC1lY2FhLTExZTYtOGY4OC0zNDM2M2JjN2M0YzAiOnsiY3JlYXRlIjoxODAwMDAwMDAwMDAwLCJkZWxldGUiOjE4MDAwMDAwMDAwMDAsInJlYWQiOjMwMDAwMDAwMDAwMCwidXBkYXRlIjoxODAwMDAwMDAwMDAwfX0=",
          "dependencies": [
            "module.resource_group.azurerm_resource_group.linux-rg"
          ]
        },
        {
          "index_key": 1,
          "schema_version": 0,
          "attributes": {
            "allocation_method": "Static",
            "ddos_protection_mode": "VirtualNetworkInherited",
            "ddos_protection_plan_id": null,
            "domain_name_label": "n01607054-u-vm12",
            "edge_zone": "",
            "fqdn": "n01607054-u-vm12.canadaeast.cloudapp.azure.com",
            "id": "/subscriptions/49e01ede-4bd5-4cb2-b1ae-56323f9463de/resourceGroups/linux-rg/providers/Microsoft.Network/publicIPAddresses/n01607054-u-vm1-pip-2",
            "idle_timeout_in_minutes": 4,
            "ip_address": "20.104.136.76",
            "ip_tags": null,
            "ip_version": "IPv4",
            "location": "canadaeast",
            "name": "n01607054-u-vm1-pip-2",
            "public_ip_prefix_id": null,
            "resource_group_name": "linux-rg",
            "reverse_fqdn": "",
            "sku": "Basic",
            "sku_tier": "Regional",
            "tags": {
              "ContantEmail": "abha.kamble@humber.ca",
              "Environment": "LAB",
              "Name": "Terraform-Class",
              "Project": "Learning"
            },
            "timeouts": null,
            "zones": null
          },
          "sensitive_attributes": [],
          "private": "eyJlMmJmYjczMC1lY2FhLTExZTYtOGY4OC0zNDM2M2JjN2M0YzAiOnsiY3JlYXRlIjoxODAwMDAwMDAwMDAwLCJkZWxldGUiOjE4MDAwMDAwMDAwMDAsInJlYWQiOjMwMDAwMDAwMDAwMCwidXBkYXRlIjoxODAwMDAwMDAwMDAwfX0=",
          "dependencies": [
            "module.resource_group.azurerm_resource_group.linux-rg"
          ]
        }
      ]
    },
    {
      "module": "module.linux",
      "mode": "managed",
      "type": "null_resource",
      "name": "linux_provisioner",
      "provider": "provider[\"registry.terraform.io/hashicorp/null\"]",
      "instances": [
        {
          "index_key": 0,
          "schema_version": 0,
          "attributes": {
            "id": "789357424005030521",
            "triggers": null
          },
          "sensitive_attributes": [],
          "dependencies": [
            "module.linux.azurerm_linux_virtual_machine.linux-VM",
            "module.linux.azurerm_network_interface.linux-nic",
            "module.linux.azurerm_public_ip.linux-pip",
            "module.network.azurerm_subnet.subnet1",
            "module.network.azurerm_virtual_network.vnet",
            "module.resource_group.azurerm_resource_group.linux-rg",
            "module.resource_group.azurerm_resource_group.network-rg"
          ]
        },
        {
          "index_key": 1,
          "schema_version": 0,
          "attributes": {
            "id": "5968809883167560192",
            "triggers": null
          },
          "sensitive_attributes": [],
          "dependencies": [
            "module.linux.azurerm_linux_virtual_machine.linux-VM",
            "module.linux.azurerm_network_interface.linux-nic",
            "module.linux.azurerm_public_ip.linux-pip",
            "module.network.azurerm_subnet.subnet1",
            "module.network.azurerm_virtual_network.vnet",
            "module.resource_group.azurerm_resource_group.linux-rg",
            "module.resource_group.azurerm_resource_group.network-rg"
          ]
        }
      ]
    },
    {
      "module": "module.network",
      "mode": "managed",
      "type": "azurerm_network_security_group",
      "name": "nsg1",
      "provider": "provider[\"registry.terraform.io/hashicorp/azurerm\"]",
      "instances": [
        {
          "schema_version": 0,
          "attributes": {
            "id": "/subscriptions/49e01ede-4bd5-4cb2-b1ae-56323f9463de/resourceGroups/network-rg/providers/Microsoft.Network/networkSecurityGroups/network-nsg1",
            "location": "canadaeast",
            "name": "network-nsg1",
            "resource_group_name": "network-rg",
            "security_rule": [
              {
                "access": "Allow",
                "description": "",
                "destination_address_prefix": "*",
                "destination_address_prefixes": [],
                "destination_application_security_group_ids": [],
                "destination_port_range": "22",
                "destination_port_ranges": [],
                "direction": "Inbound",
                "name": "rule1",
                "priority": 100,
                "protocol": "Tcp",
                "source_address_prefix": "*",
                "source_address_prefixes": [],
                "source_application_security_group_ids": [],
                "source_port_range": "*",
                "source_port_ranges": []
              }
            ],
            "tags": null,
            "timeouts": null
          },
          "sensitive_attributes": [],
          "private": "eyJlMmJmYjczMC1lY2FhLTExZTYtOGY4OC0zNDM2M2JjN2M0YzAiOnsiY3JlYXRlIjoxODAwMDAwMDAwMDAwLCJkZWxldGUiOjE4MDAwMDAwMDAwMDAsInJlYWQiOjMwMDAwMDAwMDAwMCwidXBkYXRlIjoxODAwMDAwMDAwMDAwfX0=",
          "dependencies": [
            "module.resource_group.azurerm_resource_group.network-rg"
          ]
        }
      ]
    },
    {
      "module": "module.network",
      "mode": "managed",
      "type": "azurerm_network_security_group",
      "name": "nsg2",
      "provider": "provider[\"registry.terraform.io/hashicorp/azurerm\"]",
      "instances": [
        {
          "schema_version": 0,
          "attributes": {
            "id": "/subscriptions/49e01ede-4bd5-4cb2-b1ae-56323f9463de/resourceGroups/network-rg/providers/Microsoft.Network/networkSecurityGroups/network-nsg2",
            "location": "canadaeast",
            "name": "network-nsg2",
            "resource_group_name": "network-rg",
            "security_rule": [
              {
                "access": "Allow",
                "description": "",
                "destination_address_prefix": "*",
                "destination_address_prefixes": [],
                "destination_application_security_group_ids": [],
                "destination_port_range": "3389",
                "destination_port_ranges": [],
                "direction": "Inbound",
                "name": "rule1",
                "priority": 100,
                "protocol": "Tcp",
                "source_address_prefix": "*",
                "source_address_prefixes": [],
                "source_application_security_group_ids": [],
                "source_port_range": "*",
                "source_port_ranges": []
              },
              {
                "access": "Allow",
                "description": "",
                "destination_address_prefix": "*",
                "destination_address_prefixes": [],
                "destination_application_security_group_ids": [],
                "destination_port_range": "5985",
                "destination_port_ranges": [],
                "direction": "Inbound",
                "name": "rule2",
                "priority": 200,
                "protocol": "Tcp",
                "source_address_prefix": "*",
                "source_address_prefixes": [],
                "source_application_security_group_ids": [],
                "source_port_range": "*",
                "source_port_ranges": []
              }
            ],
            "tags": null,
            "timeouts": null
          },
          "sensitive_attributes": [],
          "private": "eyJlMmJmYjczMC1lY2FhLTExZTYtOGY4OC0zNDM2M2JjN2M0YzAiOnsiY3JlYXRlIjoxODAwMDAwMDAwMDAwLCJkZWxldGUiOjE4MDAwMDAwMDAwMDAsInJlYWQiOjMwMDAwMDAwMDAwMCwidXBkYXRlIjoxODAwMDAwMDAwMDAwfX0=",
          "dependencies": [
            "module.resource_group.azurerm_resource_group.network-rg"
          ]
        }
      ]
    },
    {
      "module": "module.network",
      "mode": "managed",
      "type": "azurerm_subnet",
      "name": "subnet1",
      "provider": "provider[\"registry.terraform.io/hashicorp/azurerm\"]",
      "instances": [
        {
          "schema_version": 0,
          "attributes": {
            "address_prefixes": [
              "10.0.0.0/24"
            ],
            "delegation": [],
            "enforce_private_link_endpoint_network_policies": false,
            "enforce_private_link_service_network_policies": false,
            "id": "/subscriptions/49e01ede-4bd5-4cb2-b1ae-56323f9463de/resourceGroups/network-rg/providers/Microsoft.Network/virtualNetworks/network-vnet/subnets/network-subnet1",
            "name": "network-subnet1",
            "private_endpoint_network_policies_enabled": true,
            "private_link_service_network_policies_enabled": true,
            "resource_group_name": "network-rg",
            "service_endpoint_policy_ids": null,
            "service_endpoints": null,
            "timeouts": null,
            "virtual_network_name": "network-vnet"
          },
          "sensitive_attributes": [],
          "private": "eyJlMmJmYjczMC1lY2FhLTExZTYtOGY4OC0zNDM2M2JjN2M0YzAiOnsiY3JlYXRlIjoxODAwMDAwMDAwMDAwLCJkZWxldGUiOjE4MDAwMDAwMDAwMDAsInJlYWQiOjMwMDAwMDAwMDAwMCwidXBkYXRlIjoxODAwMDAwMDAwMDAwfX0=",
          "dependencies": [
            "module.network.azurerm_virtual_network.vnet",
            "module.resource_group.azurerm_resource_group.network-rg"
          ]
        }
      ]
    },
    {
      "module": "module.network",
      "mode": "managed",
      "type": "azurerm_subnet",
      "name": "subnet2",
      "provider": "provider[\"registry.terraform.io/hashicorp/azurerm\"]",
      "instances": [
        {
          "schema_version": 0,
          "attributes": {
            "address_prefixes": [
              "10.0.1.0/24"
            ],
            "delegation": [],
            "enforce_private_link_endpoint_network_policies": false,
            "enforce_private_link_service_network_policies": false,
            "id": "/subscriptions/49e01ede-4bd5-4cb2-b1ae-56323f9463de/resourceGroups/network-rg/providers/Microsoft.Network/virtualNetworks/network-vnet/subnets/network-subnet2",
            "name": "network-subnet2",
            "private_endpoint_network_policies_enabled": true,
            "private_link_service_network_policies_enabled": true,
            "resource_group_name": "network-rg",
            "service_endpoint_policy_ids": null,
            "service_endpoints": null,
            "timeouts": null,
            "virtual_network_name": "network-vnet"
          },
          "sensitive_attributes": [],
          "private": "eyJlMmJmYjczMC1lY2FhLTExZTYtOGY4OC0zNDM2M2JjN2M0YzAiOnsiY3JlYXRlIjoxODAwMDAwMDAwMDAwLCJkZWxldGUiOjE4MDAwMDAwMDAwMDAsInJlYWQiOjMwMDAwMDAwMDAwMCwidXBkYXRlIjoxODAwMDAwMDAwMDAwfX0=",
          "dependencies": [
            "module.network.azurerm_virtual_network.vnet",
            "module.resource_group.azurerm_resource_group.network-rg"
          ]
        }
      ]
    },
    {
      "module": "module.network",
      "mode": "managed",
      "type": "azurerm_subnet_network_security_group_association",
      "name": "nsg1asso",
      "provider": "provider[\"registry.terraform.io/hashicorp/azurerm\"]",
      "instances": [
        {
          "schema_version": 0,
          "attributes": {
            "id": "/subscriptions/49e01ede-4bd5-4cb2-b1ae-56323f9463de/resourceGroups/network-rg/providers/Microsoft.Network/virtualNetworks/network-vnet/subnets/network-subnet1",
            "network_security_group_id": "/subscriptions/49e01ede-4bd5-4cb2-b1ae-56323f9463de/resourceGroups/network-rg/providers/Microsoft.Network/networkSecurityGroups/network-nsg1",
            "subnet_id": "/subscriptions/49e01ede-4bd5-4cb2-b1ae-56323f9463de/resourceGroups/network-rg/providers/Microsoft.Network/virtualNetworks/network-vnet/subnets/network-subnet1",
            "timeouts": null
          },
          "sensitive_attributes": [],
          "private": "eyJlMmJmYjczMC1lY2FhLTExZTYtOGY4OC0zNDM2M2JjN2M0YzAiOnsiY3JlYXRlIjoxODAwMDAwMDAwMDAwLCJkZWxldGUiOjE4MDAwMDAwMDAwMDAsInJlYWQiOjMwMDAwMDAwMDAwMH19",
          "dependencies": [
            "module.network.azurerm_network_security_group.nsg1",
            "module.network.azurerm_subnet.subnet1",
            "module.network.azurerm_virtual_network.vnet",
            "module.resource_group.azurerm_resource_group.network-rg"
          ]
        }
      ]
    },
    {
      "module": "module.network",
      "mode": "managed",
      "type": "azurerm_subnet_network_security_group_association",
      "name": "nsg2asso",
      "provider": "provider[\"registry.terraform.io/hashicorp/azurerm\"]",
      "instances": [
        {
          "schema_version": 0,
          "attributes": {
            "id": "/subscriptions/49e01ede-4bd5-4cb2-b1ae-56323f9463de/resourceGroups/network-rg/providers/Microsoft.Network/virtualNetworks/network-vnet/subnets/network-subnet2",
            "network_security_group_id": "/subscriptions/49e01ede-4bd5-4cb2-b1ae-56323f9463de/resourceGroups/network-rg/providers/Microsoft.Network/networkSecurityGroups/network-nsg2",
            "subnet_id": "/subscriptions/49e01ede-4bd5-4cb2-b1ae-56323f9463de/resourceGroups/network-rg/providers/Microsoft.Network/virtualNetworks/network-vnet/subnets/network-subnet2",
            "timeouts": null
          },
          "sensitive_attributes": [],
          "private": "eyJlMmJmYjczMC1lY2FhLTExZTYtOGY4OC0zNDM2M2JjN2M0YzAiOnsiY3JlYXRlIjoxODAwMDAwMDAwMDAwLCJkZWxldGUiOjE4MDAwMDAwMDAwMDAsInJlYWQiOjMwMDAwMDAwMDAwMH19",
          "dependencies": [
            "module.network.azurerm_network_security_group.nsg2",
            "module.network.azurerm_subnet.subnet2",
            "module.network.azurerm_virtual_network.vnet",
            "module.resource_group.azurerm_resource_group.network-rg"
          ]
        }
      ]
    },
    {
      "module": "module.network",
      "mode": "managed",
      "type": "azurerm_virtual_network",
      "name": "vnet",
      "provider": "provider[\"registry.terraform.io/hashicorp/azurerm\"]",
      "instances": [
        {
          "schema_version": 0,
          "attributes": {
            "address_space": [
              "10.0.0.0/16"
            ],
            "bgp_community": "",
            "ddos_protection_plan": [],
            "dns_servers": [],
            "edge_zone": "",
            "encryption": [],
            "flow_timeout_in_minutes": 0,
            "guid": "6dd60b95-d365-432c-b2a4-310297c87bc5",
            "id": "/subscriptions/49e01ede-4bd5-4cb2-b1ae-56323f9463de/resourceGroups/network-rg/providers/Microsoft.Network/virtualNetworks/network-vnet",
            "location": "canadaeast",
            "name": "network-vnet",
            "resource_group_name": "network-rg",
            "subnet": [],
            "tags": null,
            "timeouts": null
          },
          "sensitive_attributes": [],
          "private": "eyJlMmJmYjczMC1lY2FhLTExZTYtOGY4OC0zNDM2M2JjN2M0YzAiOnsiY3JlYXRlIjoxODAwMDAwMDAwMDAwLCJkZWxldGUiOjE4MDAwMDAwMDAwMDAsInJlYWQiOjMwMDAwMDAwMDAwMCwidXBkYXRlIjoxODAwMDAwMDAwMDAwfX0=",
          "dependencies": [
            "module.resource_group.azurerm_resource_group.network-rg"
          ]
        }
      ]
    },
    {
      "module": "module.resource_group",
      "mode": "managed",
      "type": "azurerm_resource_group",
      "name": "linux-rg",
      "provider": "provider[\"registry.terraform.io/hashicorp/azurerm\"]",
      "instances": [
        {
          "schema_version": 0,
          "attributes": {
            "id": "/subscriptions/49e01ede-4bd5-4cb2-b1ae-56323f9463de/resourceGroups/linux-rg",
            "location": "canadaeast",
            "managed_by": "",
            "name": "linux-rg",
            "tags": null,
            "timeouts": null
          },
          "sensitive_attributes": [],
          "private": "eyJlMmJmYjczMC1lY2FhLTExZTYtOGY4OC0zNDM2M2JjN2M0YzAiOnsiY3JlYXRlIjo1NDAwMDAwMDAwMDAwLCJkZWxldGUiOjU0MDAwMDAwMDAwMDAsInJlYWQiOjMwMDAwMDAwMDAwMCwidXBkYXRlIjo1NDAwMDAwMDAwMDAwfX0="
        }
      ]
    },
    {
      "module": "module.resource_group",
      "mode": "managed",
      "type": "azurerm_resource_group",
      "name": "network-rg",
      "provider": "provider[\"registry.terraform.io/hashicorp/azurerm\"]",
      "instances": [
        {
          "schema_version": 0,
          "attributes": {
            "id": "/subscriptions/49e01ede-4bd5-4cb2-b1ae-56323f9463de/resourceGroups/network-rg",
            "location": "canadaeast",
            "managed_by": "",
            "name": "network-rg",
            "tags": null,
            "timeouts": null
          },
          "sensitive_attributes": [],
          "private": "eyJlMmJmYjczMC1lY2FhLTExZTYtOGY4OC0zNDM2M2JjN2M0YzAiOnsiY3JlYXRlIjo1NDAwMDAwMDAwMDAwLCJkZWxldGUiOjU0MDAwMDAwMDAwMDAsInJlYWQiOjMwMDAwMDAwMDAwMCwidXBkYXRlIjo1NDAwMDAwMDAwMDAwfX0="
        }
      ]
    },
    {
      "module": "module.resource_group",
      "mode": "managed",
      "type": "azurerm_resource_group",
      "name": "windows-rg",
      "provider": "provider[\"registry.terraform.io/hashicorp/azurerm\"]",
      "instances": [
        {
          "schema_version": 0,
          "attributes": {
            "id": "/subscriptions/49e01ede-4bd5-4cb2-b1ae-56323f9463de/resourceGroups/windows-rg",
            "location": "canadaeast",
            "managed_by": "",
            "name": "windows-rg",
            "tags": null,
            "timeouts": null
          },
          "sensitive_attributes": [],
          "private": "eyJlMmJmYjczMC1lY2FhLTExZTYtOGY4OC0zNDM2M2JjN2M0YzAiOnsiY3JlYXRlIjo1NDAwMDAwMDAwMDAwLCJkZWxldGUiOjU0MDAwMDAwMDAwMDAsInJlYWQiOjMwMDAwMDAwMDAwMCwidXBkYXRlIjo1NDAwMDAwMDAwMDAwfX0="
        }
      ]
    },
    {
      "module": "module.windows",
      "mode": "managed",
      "type": "azurerm_availability_set",
      "name": "windows_avs",
      "provider": "provider[\"registry.terraform.io/hashicorp/azurerm\"]",
      "instances": [
        {
          "schema_version": 0,
          "attributes": {
            "id": "/subscriptions/49e01ede-4bd5-4cb2-b1ae-56323f9463de/resourceGroups/windows-rg/providers/Microsoft.Compute/availabilitySets/windows_avs",
            "location": "canadaeast",
            "managed": true,
            "name": "windows_avs",
            "platform_fault_domain_count": 2,
            "platform_update_domain_count": 5,
            "proximity_placement_group_id": null,
            "resource_group_name": "windows-rg",
            "tags": null,
            "timeouts": null
          },
          "sensitive_attributes": [],
          "private": "eyJlMmJmYjczMC1lY2FhLTExZTYtOGY4OC0zNDM2M2JjN2M0YzAiOnsiY3JlYXRlIjoxODAwMDAwMDAwMDAwLCJkZWxldGUiOjE4MDAwMDAwMDAwMDAsInJlYWQiOjMwMDAwMDAwMDAwMCwidXBkYXRlIjoxODAwMDAwMDAwMDAwfX0=",
          "dependencies": [
            "module.resource_group.azurerm_resource_group.windows-rg"
          ]
        }
      ]
    },
    {
      "module": "module.windows",
      "mode": "managed",
      "type": "azurerm_network_interface",
      "name": "windows-nic",
      "provider": "provider[\"registry.terraform.io/hashicorp/azurerm\"]",
      "instances": [
        {
          "index_key": "n01607054-w-vm1",
          "schema_version": 0,
          "attributes": {
            "applied_dns_servers": [],
            "auxiliary_mode": "",
            "auxiliary_sku": "",
            "dns_servers": [],
            "edge_zone": "",
            "enable_accelerated_networking": false,
            "enable_ip_forwarding": false,
            "id": "/subscriptions/49e01ede-4bd5-4cb2-b1ae-56323f9463de/resourceGroups/windows-rg/providers/Microsoft.Network/networkInterfaces/n01607054-w-vm1-nic",
            "internal_dns_name_label": "",
            "internal_domain_name_suffix": "suf3m1lf0mwehmvegebjpsd1yf.vx.internal.cloudapp.net",
            "ip_configuration": [
              {
                "gateway_load_balancer_frontend_ip_configuration_id": "",
                "name": "n01607054-w-vm1-ipconfig",
                "primary": true,
                "private_ip_address": "10.0.1.4",
                "private_ip_address_allocation": "Dynamic",
                "private_ip_address_version": "IPv4",
                "public_ip_address_id": "/subscriptions/49e01ede-4bd5-4cb2-b1ae-56323f9463de/resourceGroups/windows-rg/providers/Microsoft.Network/publicIPAddresses/n01607054-w-vm1-pip",
                "subnet_id": "/subscriptions/49e01ede-4bd5-4cb2-b1ae-56323f9463de/resourceGroups/network-rg/providers/Microsoft.Network/virtualNetworks/network-vnet/subnets/network-subnet2"
              }
            ],
            "location": "canadaeast",
            "mac_address": "",
            "name": "n01607054-w-vm1-nic",
            "private_ip_address": "10.0.1.4",
            "private_ip_addresses": [
              "10.0.1.4"
            ],
            "resource_group_name": "windows-rg",
            "tags": null,
            "timeouts": null,
            "virtual_machine_id": ""
          },
          "sensitive_attributes": [],
          "private": "eyJlMmJmYjczMC1lY2FhLTExZTYtOGY4OC0zNDM2M2JjN2M0YzAiOnsiY3JlYXRlIjoxODAwMDAwMDAwMDAwLCJkZWxldGUiOjE4MDAwMDAwMDAwMDAsInJlYWQiOjMwMDAwMDAwMDAwMCwidXBkYXRlIjoxODAwMDAwMDAwMDAwfX0=",
          "dependencies": [
            "module.network.azurerm_subnet.subnet2",
            "module.network.azurerm_virtual_network.vnet",
            "module.resource_group.azurerm_resource_group.network-rg",
            "module.resource_group.azurerm_resource_group.windows-rg",
            "module.windows.azurerm_public_ip.windows-pip"
          ]
        },
        {
          "index_key": "n01607054-w-vm2",
          "schema_version": 0,
          "attributes": {
            "applied_dns_servers": [],
            "auxiliary_mode": "",
            "auxiliary_sku": "",
            "dns_servers": [],
            "edge_zone": "",
            "enable_accelerated_networking": false,
            "enable_ip_forwarding": false,
            "id": "/subscriptions/49e01ede-4bd5-4cb2-b1ae-56323f9463de/resourceGroups/windows-rg/providers/Microsoft.Network/networkInterfaces/n01607054-w-vm2-nic",
            "internal_dns_name_label": "",
            "internal_domain_name_suffix": "suf3m1lf0mwehmvegebjpsd1yf.vx.internal.cloudapp.net",
            "ip_configuration": [
              {
                "gateway_load_balancer_frontend_ip_configuration_id": "",
                "name": "n01607054-w-vm2-ipconfig",
                "primary": true,
                "private_ip_address": "10.0.1.5",
                "private_ip_address_allocation": "Dynamic",
                "private_ip_address_version": "IPv4",
                "public_ip_address_id": "/subscriptions/49e01ede-4bd5-4cb2-b1ae-56323f9463de/resourceGroups/windows-rg/providers/Microsoft.Network/publicIPAddresses/n01607054-w-vm2-pip",
                "subnet_id": "/subscriptions/49e01ede-4bd5-4cb2-b1ae-56323f9463de/resourceGroups/network-rg/providers/Microsoft.Network/virtualNetworks/network-vnet/subnets/network-subnet2"
              }
            ],
            "location": "canadaeast",
            "mac_address": "",
            "name": "n01607054-w-vm2-nic",
            "private_ip_address": "10.0.1.5",
            "private_ip_addresses": [
              "10.0.1.5"
            ],
            "resource_group_name": "windows-rg",
            "tags": null,
            "timeouts": null,
            "virtual_machine_id": ""
          },
          "sensitive_attributes": [],
          "private": "eyJlMmJmYjczMC1lY2FhLTExZTYtOGY4OC0zNDM2M2JjN2M0YzAiOnsiY3JlYXRlIjoxODAwMDAwMDAwMDAwLCJkZWxldGUiOjE4MDAwMDAwMDAwMDAsInJlYWQiOjMwMDAwMDAwMDAwMCwidXBkYXRlIjoxODAwMDAwMDAwMDAwfX0=",
          "dependencies": [
            "module.network.azurerm_subnet.subnet2",
            "module.network.azurerm_virtual_network.vnet",
            "module.resource_group.azurerm_resource_group.network-rg",
            "module.resource_group.azurerm_resource_group.windows-rg",
            "module.windows.azurerm_public_ip.windows-pip"
          ]
        }
      ]
    },
    {
      "module": "module.windows",
      "mode": "managed",
      "type": "azurerm_public_ip",
      "name": "windows-pip",
      "provider": "provider[\"registry.terraform.io/hashicorp/azurerm\"]",
      "instances": [
        {
          "index_key": "n01607054-w-vm1",
          "schema_version": 0,
          "attributes": {
            "allocation_method": "Static",
            "ddos_protection_mode": "VirtualNetworkInherited",
            "ddos_protection_plan_id": null,
            "domain_name_label": "n01607054-w-vm1",
            "edge_zone": "",
            "fqdn": "n01607054-w-vm1.canadaeast.cloudapp.azure.com",
            "id": "/subscriptions/49e01ede-4bd5-4cb2-b1ae-56323f9463de/resourceGroups/windows-rg/providers/Microsoft.Network/publicIPAddresses/n01607054-w-vm1-pip",
            "idle_timeout_in_minutes": 4,
            "ip_address": "20.104.136.133",
            "ip_tags": null,
            "ip_version": "IPv4",
            "location": "canadaeast",
            "name": "n01607054-w-vm1-pip",
            "public_ip_prefix_id": null,
            "resource_group_name": "windows-rg",
            "reverse_fqdn": "",
            "sku": "Basic",
            "sku_tier": "Regional",
            "tags": null,
            "timeouts": null,
            "zones": null
          },
          "sensitive_attributes": [],
          "private": "eyJlMmJmYjczMC1lY2FhLTExZTYtOGY4OC0zNDM2M2JjN2M0YzAiOnsiY3JlYXRlIjoxODAwMDAwMDAwMDAwLCJkZWxldGUiOjE4MDAwMDAwMDAwMDAsInJlYWQiOjMwMDAwMDAwMDAwMCwidXBkYXRlIjoxODAwMDAwMDAwMDAwfX0=",
          "dependencies": [
            "module.resource_group.azurerm_resource_group.windows-rg"
          ]
        },
        {
          "index_key": "n01607054-w-vm2",
          "schema_version": 0,
          "attributes": {
            "allocation_method": "Static",
            "ddos_protection_mode": "VirtualNetworkInherited",
            "ddos_protection_plan_id": null,
            "domain_name_label": "n01607054-w-vm2",
            "edge_zone": "",
            "fqdn": "n01607054-w-vm2.canadaeast.cloudapp.azure.com",
            "id": "/subscriptions/49e01ede-4bd5-4cb2-b1ae-56323f9463de/resourceGroups/windows-rg/providers/Microsoft.Network/publicIPAddresses/n01607054-w-vm2-pip",
            "idle_timeout_in_minutes": 4,
            "ip_address": "20.104.136.172",
            "ip_tags": null,
            "ip_version": "IPv4",
            "location": "canadaeast",
            "name": "n01607054-w-vm2-pip",
            "public_ip_prefix_id": null,
            "resource_group_name": "windows-rg",
            "reverse_fqdn": "",
            "sku": "Basic",
            "sku_tier": "Regional",
            "tags": null,
            "timeouts": null,
            "zones": null
          },
          "sensitive_attributes": [],
          "private": "eyJlMmJmYjczMC1lY2FhLTExZTYtOGY4OC0zNDM2M2JjN2M0YzAiOnsiY3JlYXRlIjoxODAwMDAwMDAwMDAwLCJkZWxldGUiOjE4MDAwMDAwMDAwMDAsInJlYWQiOjMwMDAwMDAwMDAwMCwidXBkYXRlIjoxODAwMDAwMDAwMDAwfX0=",
          "dependencies": [
            "module.resource_group.azurerm_resource_group.windows-rg"
          ]
        }
      ]
    },
    {
      "module": "module.windows",
      "mode": "managed",
      "type": "azurerm_windows_virtual_machine",
      "name": "windows-VM",
      "provider": "provider[\"registry.terraform.io/hashicorp/azurerm\"]",
      "instances": [
        {
          "index_key": "n01607054-w-vm1",
          "schema_version": 0,
          "attributes": {
            "additional_capabilities": [],
            "additional_unattend_content": [],
            "admin_password": "Shraddha@17",
            "admin_username": "Shraddha",
            "allow_extension_operations": true,
            "availability_set_id": "",
            "boot_diagnostics": [],
            "bypass_platform_safety_checks_on_user_schedule_enabled": false,
            "capacity_reservation_group_id": "",
            "computer_name": "n01607054-w-vm1",
            "custom_data": null,
            "dedicated_host_group_id": "",
            "dedicated_host_id": "",
            "edge_zone": "",
            "enable_automatic_updates": true,
            "encryption_at_host_enabled": false,
            "eviction_policy": "",
            "extensions_time_budget": "PT1H30M",
            "gallery_application": [],
            "hotpatching_enabled": false,
            "id": "/subscriptions/49e01ede-4bd5-4cb2-b1ae-56323f9463de/resourceGroups/windows-rg/providers/Microsoft.Compute/virtualMachines/n01607054-w-vm1",
            "identity": [],
            "license_type": "",
            "location": "canadaeast",
            "max_bid_price": -1,
            "name": "n01607054-w-vm1",
            "network_interface_ids": [
              "/subscriptions/49e01ede-4bd5-4cb2-b1ae-56323f9463de/resourceGroups/windows-rg/providers/Microsoft.Network/networkInterfaces/n01607054-w-vm1-nic"
            ],
            "os_disk": [
              {
                "caching": "ReadWrite",
                "diff_disk_settings": [],
                "disk_encryption_set_id": "",
                "disk_size_gb": 127,
                "name": "n01607054-w-vm1",
                "secure_vm_disk_encryption_set_id": "",
                "security_encryption_type": "",
                "storage_account_type": "StandardSSD_LRS",
                "write_accelerator_enabled": false
              }
            ],
            "patch_assessment_mode": "ImageDefault",
            "patch_mode": "AutomaticByOS",
            "plan": [],
            "platform_fault_domain": -1,
            "priority": "Regular",
            "private_ip_address": "10.0.1.4",
            "private_ip_addresses": [
              "10.0.1.4"
            ],
            "provision_vm_agent": true,
            "proximity_placement_group_id": "",
            "public_ip_address": "20.104.136.133",
            "public_ip_addresses": [
              "20.104.136.133"
            ],
            "reboot_setting": "",
            "resource_group_name": "windows-rg",
            "secret": [],
            "secure_boot_enabled": false,
            "size": "Standard_B1s",
            "source_image_id": "",
            "source_image_reference": [
              {
                "offer": "WindowsServer",
                "publisher": "MicrosoftWindowsServer",
                "sku": "2016-Datacenter",
                "version": "latest"
              }
            ],
            "tags": null,
            "termination_notification": null,
            "timeouts": null,
            "timezone": "",
            "user_data": "",
            "virtual_machine_id": "1d7c4165-ff4d-41ec-a2e0-18d0bb1930d3",
            "virtual_machine_scale_set_id": "",
            "vtpm_enabled": false,
            "winrm_listener": [
              {
                "certificate_url": "",
                "protocol": "Http"
              }
            ],
            "zone": ""
          },
          "sensitive_attributes": [],
          "private": "eyJlMmJmYjczMC1lY2FhLTExZTYtOGY4OC0zNDM2M2JjN2M0YzAiOnsiY3JlYXRlIjoyNzAwMDAwMDAwMDAwLCJkZWxldGUiOjI3MDAwMDAwMDAwMDAsInJlYWQiOjMwMDAwMDAwMDAwMCwidXBkYXRlIjoyNzAwMDAwMDAwMDAwfX0=",
          "dependencies": [
            "module.network.azurerm_subnet.subnet2",
            "module.network.azurerm_virtual_network.vnet",
            "module.resource_group.azurerm_resource_group.network-rg",
            "module.resource_group.azurerm_resource_group.windows-rg",
            "module.windows.azurerm_network_interface.windows-nic",
            "module.windows.azurerm_public_ip.windows-pip"
          ]
        },
        {
          "index_key": "n01607054-w-vm2",
          "schema_version": 0,
          "attributes": {
            "additional_capabilities": [],
            "additional_unattend_content": [],
            "admin_password": "Shraddha@17",
            "admin_username": "Shraddha",
            "allow_extension_operations": true,
            "availability_set_id": "",
            "boot_diagnostics": [],
            "bypass_platform_safety_checks_on_user_schedule_enabled": false,
            "capacity_reservation_group_id": "",
            "computer_name": "n01607054-w-vm2",
            "custom_data": null,
            "dedicated_host_group_id": "",
            "dedicated_host_id": "",
            "edge_zone": "",
            "enable_automatic_updates": true,
            "encryption_at_host_enabled": false,
            "eviction_policy": "",
            "extensions_time_budget": "PT1H30M",
            "gallery_application": [],
            "hotpatching_enabled": false,
            "id": "/subscriptions/49e01ede-4bd5-4cb2-b1ae-56323f9463de/resourceGroups/windows-rg/providers/Microsoft.Compute/virtualMachines/n01607054-w-vm2",
            "identity": [],
            "license_type": "",
            "location": "canadaeast",
            "max_bid_price": -1,
            "name": "n01607054-w-vm2",
            "network_interface_ids": [
              "/subscriptions/49e01ede-4bd5-4cb2-b1ae-56323f9463de/resourceGroups/windows-rg/providers/Microsoft.Network/networkInterfaces/n01607054-w-vm2-nic"
            ],
            "os_disk": [
              {
                "caching": "ReadWrite",
                "diff_disk_settings": [],
                "disk_encryption_set_id": "",
                "disk_size_gb": 127,
                "name": "n01607054-w-vm2",
                "secure_vm_disk_encryption_set_id": "",
                "security_encryption_type": "",
                "storage_account_type": "StandardSSD_LRS",
                "write_accelerator_enabled": false
              }
            ],
            "patch_assessment_mode": "ImageDefault",
            "patch_mode": "AutomaticByOS",
            "plan": [],
            "platform_fault_domain": -1,
            "priority": "Regular",
            "private_ip_address": "10.0.1.5",
            "private_ip_addresses": [
              "10.0.1.5"
            ],
            "provision_vm_agent": true,
            "proximity_placement_group_id": "",
            "public_ip_address": "20.104.136.172",
            "public_ip_addresses": [
              "20.104.136.172"
            ],
            "reboot_setting": "",
            "resource_group_name": "windows-rg",
            "secret": [],
            "secure_boot_enabled": false,
            "size": "Standard_B1ms",
            "source_image_id": "",
            "source_image_reference": [
              {
                "offer": "WindowsServer",
                "publisher": "MicrosoftWindowsServer",
                "sku": "2016-Datacenter",
                "version": "latest"
              }
            ],
            "tags": null,
            "termination_notification": null,
            "timeouts": null,
            "timezone": "",
            "user_data": "",
            "virtual_machine_id": "92b69821-96a5-4eaa-b387-71ce4e939da6",
            "virtual_machine_scale_set_id": "",
            "vtpm_enabled": false,
            "winrm_listener": [
              {
                "certificate_url": "",
                "protocol": "Http"
              }
            ],
            "zone": ""
          },
          "sensitive_attributes": [],
          "private": "eyJlMmJmYjczMC1lY2FhLTExZTYtOGY4OC0zNDM2M2JjN2M0YzAiOnsiY3JlYXRlIjoyNzAwMDAwMDAwMDAwLCJkZWxldGUiOjI3MDAwMDAwMDAwMDAsInJlYWQiOjMwMDAwMDAwMDAwMCwidXBkYXRlIjoyNzAwMDAwMDAwMDAwfX0=",
          "dependencies": [
            "module.network.azurerm_subnet.subnet2",
            "module.network.azurerm_virtual_network.vnet",
            "module.resource_group.azurerm_resource_group.network-rg",
            "module.resource_group.azurerm_resource_group.windows-rg",
            "module.windows.azurerm_network_interface.windows-nic",
            "module.windows.azurerm_public_ip.windows-pip"
          ]
        }
      ]
    }
  ],
  "check_results": null
}
